
Microsoft Visual Studio Solution File, Format Version 12.00
# Visual Studio 15
VisualStudioVersion = 15.0.26730.8
MinimumVisualStudioVersion = 10.0.40219.1
Project("{FAE04EC0-301F-11D3-BF4B-00C04F79EFBC}") = "PartyInvite", "PartyInvite\PartyInvite.csproj", "{EF5BECD0-8411-4CA6-B98C-8D4047439933}"
EndProject
Global
	GlobalSection(SolutionConfigurationPlatforms) = preSolution
		Debug|Any CPU = Debug|Any CPU
		Release|Any CPU = Release|Any CPU
	EndGlobalSection
	GlobalSection(ProjectConfigurationPlatforms) = postSolution
		{EF5BECD0-8411-4CA6-B98C-8D4047439933}.Debug|Any CPU.ActiveCfg = Debug|Any CPU
		{EF5BECD0-8411-4CA6-B98C-8D4047439933}.Debug|Any CPU.Build.0 = Debug|Any CPU
		{EF5BECD0-8411-4CA6-B98C-8D4047439933}.Release|Any CPU.ActiveCfg = Release|Any CPU
		{EF5BECD0-8411-4CA6-B98C-8D4047439933}.Release|Any CPU.Build.0 = Release|Any CPU
	EndGlobalSection
	GlobalSection(SolutionProperties) = preSolution
		HideSolutionNode = FALSE
	EndGlobalSection
	GlobalSection(ExtensibilityGlobals) = postSolution
		SolutionGuid = {0E33FAEA-ADB7-4C50-841F-F0F71911DA19}
	EndGlobalSection
EndGlobal
